
Microsoft Visual Studio Solution File, Format Version 12.00
# Visual Studio Version 17
VisualStudioVersion = 17.8.34330.188
MinimumVisualStudioVersion = 10.0.40219.1
Project("{9A19103F-16F7-4668-BE54-9A1E7A4F7556}") = "DataProcessing.Api", "src\DataProcessing.Api\DataProcessing.Api.csproj", "{89D5CCA9-1868-4BEB-A4DF-56117C818194}"
EndProject
Project("{9A19103F-16F7-4668-BE54-9A1E7A4F7556}") = "DataProcessing.Tests", "tests\DataProcessing.Tests\DataProcessing.Tests.csproj", "{568921ED-F5BD-441A-B27B-1AF6C1A82054}"
EndProject
Global
	GlobalSection(SolutionConfigurationPlatforms) = preSolution
		Debug|Any CPU = Debug|Any CPU
		Release|Any CPU = Release|Any CPU
	EndGlobalSection
	GlobalSection(ProjectConfigurationPlatforms) = postSolution
		{89D5CCA9-1868-4BEB-A4DF-56117C818194}.Debug|Any CPU.ActiveCfg = Debug|Any CPU
		{89D5CCA9-1868-4BEB-A4DF-56117C818194}.Debug|Any CPU.Build.0 = Debug|Any CPU
		{89D5CCA9-1868-4BEB-A4DF-56117C818194}.Release|Any CPU.ActiveCfg = Release|Any CPU
		{89D5CCA9-1868-4BEB-A4DF-56117C818194}.Release|Any CPU.Build.0 = Release|Any CPU
		{568921ED-F5BD-441A-B27B-1AF6C1A82054}.Debug|Any CPU.ActiveCfg = Debug|Any CPU
		{568921ED-F5BD-441A-B27B-1AF6C1A82054}.Debug|Any CPU.Build.0 = Debug|Any CPU
		{568921ED-F5BD-441A-B27B-1AF6C1A82054}.Release|Any CPU.ActiveCfg = Release|Any CPU
		{568921ED-F5BD-441A-B27B-1AF6C1A82054}.Release|Any CPU.Build.0 = Release|Any CPU
	EndGlobalSection
	GlobalSection(SolutionProperties) = preSolution
		HideSolutionNode = FALSE
	EndGlobalSection
	GlobalSection(ExtensibilityGlobals) = postSolution
		SolutionGuid = {3DEFE6E4-1B31-412A-80F9-53622D614632}
	EndGlobalSection
EndGlobal
